// !$*UTF8*$!
{
	archiveVersion = 1;
	classes = {
	};
	objectVersion = 50;
	objects = {

/* Begin PBXBuildFile section */
		D102304B25B603D800C1AD0C /* SubTitleStyle.swift in Sources */ = {isa = PBXBuildFile; fileRef = D102301625B6005700C1AD0C /* SubTitleStyle.swift */; };
		D102304D25B603DB00C1AD0C /* TitleStyle.swift in Sources */ = {isa = PBXBuildFile; fileRef = D102300C25B6003400C1AD0C /* TitleStyle.swift */; };
		D102304F25B603DD00C1AD0C /* BodyStyle.swift in Sources */ = {isa = PBXBuildFile; fileRef = D102301B25B6008300C1AD0C /* BodyStyle.swift */; };
		D11F4B8A25BD99A1009F8950 /* NetworkKit.framework in Frameworks */ = {isa = PBXBuildFile; fileRef = D11F4B8925BD99A1009F8950 /* NetworkKit.framework */; };
		D11F4B8B25BD99A1009F8950 /* NetworkKit.framework in Embed Frameworks */ = {isa = PBXBuildFile; fileRef = D11F4B8925BD99A1009F8950 /* NetworkKit.framework */; settings = {ATTRIBUTES = (CodeSignOnCopy, RemoveHeadersOnCopy, ); }; };
		D1732A9925B747C1009E55E8 /* HomeViewModel.swift in Sources */ = {isa = PBXBuildFile; fileRef = D1732A9825B747C1009E55E8 /* HomeViewModel.swift */; };
		D1732A9D25B74841009E55E8 /* HomeItem.swift in Sources */ = {isa = PBXBuildFile; fileRef = D1732A9C25B74841009E55E8 /* HomeItem.swift */; };
		D1732AA425B74B22009E55E8 /* HomeRow.swift in Sources */ = {isa = PBXBuildFile; fileRef = D1732AA325B74B22009E55E8 /* HomeRow.swift */; };
		D1732AA925B74B7A009E55E8 /* TitleStyle.swift in Sources */ = {isa = PBXBuildFile; fileRef = D1732AA825B74B7A009E55E8 /* TitleStyle.swift */; };
		D1732AAC25B74D05009E55E8 /* SubTitleStyle.swift in Sources */ = {isa = PBXBuildFile; fileRef = D1732AAB25B74D04009E55E8 /* SubTitleStyle.swift */; };
		D1732AB325B74E18009E55E8 /* ImageExtension.swift in Sources */ = {isa = PBXBuildFile; fileRef = D1732AB225B74E18009E55E8 /* ImageExtension.swift */; };
		D1B1350B25B0B73E00B75A8B /* WordOfTheDayApp.swift in Sources */ = {isa = PBXBuildFile; fileRef = D1B1350A25B0B73E00B75A8B /* WordOfTheDayApp.swift */; };
		D1B1350D25B0B73E00B75A8B /* HomeView.swift in Sources */ = {isa = PBXBuildFile; fileRef = D1B1350C25B0B73E00B75A8B /* HomeView.swift */; };
		D1B1350F25B0B74300B75A8B /* Assets.xcassets in Resources */ = {isa = PBXBuildFile; fileRef = D1B1350E25B0B74300B75A8B /* Assets.xcassets */; };
		D1B1351225B0B74300B75A8B /* Preview Assets.xcassets in Resources */ = {isa = PBXBuildFile; fileRef = D1B1351125B0B74300B75A8B /* Preview Assets.xcassets */; };
		D1B1351E25B0B86900B75A8B /* BundleExtension.swift in Sources */ = {isa = PBXBuildFile; fileRef = D1B1351D25B0B86900B75A8B /* BundleExtension.swift */; };
		D1B1353025B0BB1000B75A8B /* Localizable.strings in Resources */ = {isa = PBXBuildFile; fileRef = D1B1352F25B0BB1000B75A8B /* Localizable.strings */; };
		D1D5026A25B2051F00F5EE51 /* WidgetKit.framework in Frameworks */ = {isa = PBXBuildFile; fileRef = D1D501F725B1FF8A00F5EE51 /* WidgetKit.framework */; };
		D1D5026B25B2051F00F5EE51 /* SwiftUI.framework in Frameworks */ = {isa = PBXBuildFile; fileRef = D1D501F925B1FF8A00F5EE51 /* SwiftUI.framework */; };
		D1D5026E25B2051F00F5EE51 /* WordOfTheDayWidget.swift in Sources */ = {isa = PBXBuildFile; fileRef = D1D5026D25B2051F00F5EE51 /* WordOfTheDayWidget.swift */; };
		D1D5027125B2052200F5EE51 /* Assets.xcassets in Resources */ = {isa = PBXBuildFile; fileRef = D1D5027025B2052200F5EE51 /* Assets.xcassets */; };
		D1D5027325B2052200F5EE51 /* WordOfTheDayWidget.intentdefinition in Sources */ = {isa = PBXBuildFile; fileRef = D1D5026F25B2051F00F5EE51 /* WordOfTheDayWidget.intentdefinition */; };
		D1D5027425B2052200F5EE51 /* WordOfTheDayWidget.intentdefinition in Sources */ = {isa = PBXBuildFile; fileRef = D1D5026F25B2051F00F5EE51 /* WordOfTheDayWidget.intentdefinition */; };
		D1D5027725B2052200F5EE51 /* WordOfTheDayWidgetExtension.appex in Embed App Extensions */ = {isa = PBXBuildFile; fileRef = D1D5026925B2051F00F5EE51 /* WordOfTheDayWidgetExtension.appex */; settings = {ATTRIBUTES = (RemoveHeadersOnCopy, ); }; };
		D1D5028D25B2061700F5EE51 /* WordOfTheDayEntryView.swift in Sources */ = {isa = PBXBuildFile; fileRef = D1D5028725B205B000F5EE51 /* WordOfTheDayEntryView.swift */; };
		D1D5029225B2061A00F5EE51 /* WordOfTheDayWidgetProvider.swift in Sources */ = {isa = PBXBuildFile; fileRef = D1D5027D25B2056400F5EE51 /* WordOfTheDayWidgetProvider.swift */; };
		D1D5029D25B2066700F5EE51 /* WordOfTheDayViewModel.swift in Sources */ = {isa = PBXBuildFile; fileRef = D1D5029925B2063F00F5EE51 /* WordOfTheDayViewModel.swift */; };
		D1D502AA25B3502100F5EE51 /* Localizable.strings in Resources */ = {isa = PBXBuildFile; fileRef = D1D502A925B3502100F5EE51 /* Localizable.strings */; };
/* End PBXBuildFile section */

/* Begin PBXContainerItemProxy section */
		D1D5027525B2052200F5EE51 /* PBXContainerItemProxy */ = {
			isa = PBXContainerItemProxy;
			containerPortal = D1B134FF25B0B73E00B75A8B /* Project object */;
			proxyType = 1;
			remoteGlobalIDString = D1D5026825B2051F00F5EE51;
			remoteInfo = WordOfTheDayWidgetExtension;
		};
/* End PBXContainerItemProxy section */

/* Begin PBXCopyFilesBuildPhase section */
		D11F4B8C25BD99A1009F8950 /* Embed Frameworks */ = {
			isa = PBXCopyFilesBuildPhase;
			buildActionMask = 2147483647;
			dstPath = "";
			dstSubfolderSpec = 10;
			files = (
				D11F4B8B25BD99A1009F8950 /* NetworkKit.framework in Embed Frameworks */,
			);
			name = "Embed Frameworks";
			runOnlyForDeploymentPostprocessing = 0;
		};
		D1732C9425B89B82009E55E8 /* Embed Watch Content */ = {
			isa = PBXCopyFilesBuildPhase;
			buildActionMask = 2147483647;
			dstPath = "$(CONTENTS_FOLDER_PATH)/Watch";
			dstSubfolderSpec = 16;
			files = (
			);
			name = "Embed Watch Content";
			runOnlyForDeploymentPostprocessing = 0;
		};
		D1D5020A25B1FF9000F5EE51 /* Embed App Extensions */ = {
			isa = PBXCopyFilesBuildPhase;
			buildActionMask = 2147483647;
			dstPath = "";
			dstSubfolderSpec = 13;
			files = (
				D1D5027725B2052200F5EE51 /* WordOfTheDayWidgetExtension.appex in Embed App Extensions */,
			);
			name = "Embed App Extensions";
			runOnlyForDeploymentPostprocessing = 0;
		};
/* End PBXCopyFilesBuildPhase section */

/* Begin PBXFileReference section */
		D102300C25B6003400C1AD0C /* TitleStyle.swift */ = {isa = PBXFileReference; lastKnownFileType = sourcecode.swift; path = TitleStyle.swift; sourceTree = "<group>"; };
		D102301625B6005700C1AD0C /* SubTitleStyle.swift */ = {isa = PBXFileReference; lastKnownFileType = sourcecode.swift; path = SubTitleStyle.swift; sourceTree = "<group>"; };
		D102301B25B6008300C1AD0C /* BodyStyle.swift */ = {isa = PBXFileReference; lastKnownFileType = sourcecode.swift; path = BodyStyle.swift; sourceTree = "<group>"; };
		D11F4B8925BD99A1009F8950 /* NetworkKit.framework */ = {isa = PBXFileReference; explicitFileType = wrapper.framework; path = NetworkKit.framework; sourceTree = BUILT_PRODUCTS_DIR; };
		D1732A9825B747C1009E55E8 /* HomeViewModel.swift */ = {isa = PBXFileReference; lastKnownFileType = sourcecode.swift; path = HomeViewModel.swift; sourceTree = "<group>"; };
		D1732A9C25B74841009E55E8 /* HomeItem.swift */ = {isa = PBXFileReference; lastKnownFileType = sourcecode.swift; path = HomeItem.swift; sourceTree = "<group>"; };
		D1732AA325B74B22009E55E8 /* HomeRow.swift */ = {isa = PBXFileReference; lastKnownFileType = sourcecode.swift; path = HomeRow.swift; sourceTree = "<group>"; };
		D1732AA825B74B7A009E55E8 /* TitleStyle.swift */ = {isa = PBXFileReference; lastKnownFileType = sourcecode.swift; path = TitleStyle.swift; sourceTree = "<group>"; };
		D1732AAB25B74D04009E55E8 /* SubTitleStyle.swift */ = {isa = PBXFileReference; lastKnownFileType = sourcecode.swift; path = SubTitleStyle.swift; sourceTree = "<group>"; };
		D1732AB225B74E18009E55E8 /* ImageExtension.swift */ = {isa = PBXFileReference; lastKnownFileType = sourcecode.swift; path = ImageExtension.swift; sourceTree = "<group>"; };
		D1B1350725B0B73E00B75A8B /* WordOfTheDay.app */ = {isa = PBXFileReference; explicitFileType = wrapper.application; includeInIndex = 0; path = WordOfTheDay.app; sourceTree = BUILT_PRODUCTS_DIR; };
		D1B1350A25B0B73E00B75A8B /* WordOfTheDayApp.swift */ = {isa = PBXFileReference; lastKnownFileType = sourcecode.swift; path = WordOfTheDayApp.swift; sourceTree = "<group>"; };
		D1B1350C25B0B73E00B75A8B /* HomeView.swift */ = {isa = PBXFileReference; lastKnownFileType = sourcecode.swift; path = HomeView.swift; sourceTree = "<group>"; };
		D1B1350E25B0B74300B75A8B /* Assets.xcassets */ = {isa = PBXFileReference; lastKnownFileType = folder.assetcatalog; path = Assets.xcassets; sourceTree = "<group>"; };
		D1B1351125B0B74300B75A8B /* Preview Assets.xcassets */ = {isa = PBXFileReference; lastKnownFileType = folder.assetcatalog; path = "Preview Assets.xcassets"; sourceTree = "<group>"; };
		D1B1351325B0B74300B75A8B /* Info.plist */ = {isa = PBXFileReference; lastKnownFileType = text.plist.xml; path = Info.plist; sourceTree = "<group>"; };
		D1B1351D25B0B86900B75A8B /* BundleExtension.swift */ = {isa = PBXFileReference; lastKnownFileType = sourcecode.swift; path = BundleExtension.swift; sourceTree = "<group>"; };
		D1B1352F25B0BB1000B75A8B /* Localizable.strings */ = {isa = PBXFileReference; fileEncoding = 4; lastKnownFileType = text.plist.strings; path = Localizable.strings; sourceTree = "<group>"; };
		D1D501F725B1FF8A00F5EE51 /* WidgetKit.framework */ = {isa = PBXFileReference; lastKnownFileType = wrapper.framework; name = WidgetKit.framework; path = System/Library/Frameworks/WidgetKit.framework; sourceTree = SDKROOT; };
		D1D501F925B1FF8A00F5EE51 /* SwiftUI.framework */ = {isa = PBXFileReference; lastKnownFileType = wrapper.framework; name = SwiftUI.framework; path = System/Library/Frameworks/SwiftUI.framework; sourceTree = SDKROOT; };
		D1D5026925B2051F00F5EE51 /* WordOfTheDayWidgetExtension.appex */ = {isa = PBXFileReference; explicitFileType = "wrapper.app-extension"; includeInIndex = 0; path = WordOfTheDayWidgetExtension.appex; sourceTree = BUILT_PRODUCTS_DIR; };
		D1D5026D25B2051F00F5EE51 /* WordOfTheDayWidget.swift */ = {isa = PBXFileReference; lastKnownFileType = sourcecode.swift; path = WordOfTheDayWidget.swift; sourceTree = "<group>"; };
		D1D5026F25B2051F00F5EE51 /* WordOfTheDayWidget.intentdefinition */ = {isa = PBXFileReference; lastKnownFileType = file.intentdefinition; path = WordOfTheDayWidget.intentdefinition; sourceTree = "<group>"; };
		D1D5027025B2052200F5EE51 /* Assets.xcassets */ = {isa = PBXFileReference; lastKnownFileType = folder.assetcatalog; path = Assets.xcassets; sourceTree = "<group>"; };
		D1D5027225B2052200F5EE51 /* Info.plist */ = {isa = PBXFileReference; lastKnownFileType = text.plist.xml; path = Info.plist; sourceTree = "<group>"; };
		D1D5027D25B2056400F5EE51 /* WordOfTheDayWidgetProvider.swift */ = {isa = PBXFileReference; lastKnownFileType = sourcecode.swift; path = WordOfTheDayWidgetProvider.swift; sourceTree = "<group>"; };
		D1D5028725B205B000F5EE51 /* WordOfTheDayEntryView.swift */ = {isa = PBXFileReference; lastKnownFileType = sourcecode.swift; path = WordOfTheDayEntryView.swift; sourceTree = "<group>"; };
		D1D5029925B2063F00F5EE51 /* WordOfTheDayViewModel.swift */ = {isa = PBXFileReference; lastKnownFileType = sourcecode.swift; path = WordOfTheDayViewModel.swift; sourceTree = "<group>"; };
		D1D502A925B3502100F5EE51 /* Localizable.strings */ = {isa = PBXFileReference; lastKnownFileType = text.plist.strings; path = Localizable.strings; sourceTree = "<group>"; };
/* End PBXFileReference section */

/* Begin PBXFrameworksBuildPhase section */
		D1B1350425B0B73E00B75A8B /* Frameworks */ = {
			isa = PBXFrameworksBuildPhase;
			buildActionMask = 2147483647;
			files = (
			);
			runOnlyForDeploymentPostprocessing = 0;
		};
		D1D5026625B2051F00F5EE51 /* Frameworks */ = {
			isa = PBXFrameworksBuildPhase;
			buildActionMask = 2147483647;
			files = (
				D1D5026B25B2051F00F5EE51 /* SwiftUI.framework in Frameworks */,
				D1D5026A25B2051F00F5EE51 /* WidgetKit.framework in Frameworks */,
				D11F4B8A25BD99A1009F8950 /* NetworkKit.framework in Frameworks */,
			);
			runOnlyForDeploymentPostprocessing = 0;
		};
/* End PBXFrameworksBuildPhase section */

/* Begin PBXGroup section */
		D102301525B6004200C1AD0C /* Modifiers */ = {
			isa = PBXGroup;
			children = (
				D102300C25B6003400C1AD0C /* TitleStyle.swift */,
				D102301625B6005700C1AD0C /* SubTitleStyle.swift */,
				D102301B25B6008300C1AD0C /* BodyStyle.swift */,
			);
			path = Modifiers;
			sourceTree = "<group>";
		};
		D1732AA625B74B49009E55E8 /* Modifiers */ = {
			isa = PBXGroup;
			children = (
				D1732AA825B74B7A009E55E8 /* TitleStyle.swift */,
				D1732AAB25B74D04009E55E8 /* SubTitleStyle.swift */,
			);
			path = Modifiers;
			sourceTree = "<group>";
		};
		D1732AA725B74B5C009E55E8 /* Source */ = {
			isa = PBXGroup;
			children = (
				D1B1350A25B0B73E00B75A8B /* WordOfTheDayApp.swift */,
				D1B1351C25B0B84100B75A8B /* Extensions */,
				D1B1351A25B0B81D00B75A8B /* Home */,
				D1732AA625B74B49009E55E8 /* Modifiers */,
			);
			path = Source;
			sourceTree = "<group>";
		};
		D1B134FE25B0B73E00B75A8B = {
			isa = PBXGroup;
			children = (
				D1B1350925B0B73E00B75A8B /* WordOfTheDay */,
				D1D5026C25B2051F00F5EE51 /* WordOfTheDayWidget */,
				D1D501F625B1FF8A00F5EE51 /* Frameworks */,
				D1B1350825B0B73E00B75A8B /* Products */,
			);
			sourceTree = "<group>";
		};
		D1B1350825B0B73E00B75A8B /* Products */ = {
			isa = PBXGroup;
			children = (
				D1B1350725B0B73E00B75A8B /* WordOfTheDay.app */,
				D1D5026925B2051F00F5EE51 /* WordOfTheDayWidgetExtension.appex */,
			);
			name = Products;
			sourceTree = "<group>";
		};
		D1B1350925B0B73E00B75A8B /* WordOfTheDay */ = {
			isa = PBXGroup;
			children = (
				D1732AA725B74B5C009E55E8 /* Source */,
				D1B1351B25B0B82A00B75A8B /* Resources */,
				D1B1351025B0B74300B75A8B /* Preview Content */,
			);
			path = WordOfTheDay;
			sourceTree = "<group>";
		};
		D1B1351025B0B74300B75A8B /* Preview Content */ = {
			isa = PBXGroup;
			children = (
				D1B1351125B0B74300B75A8B /* Preview Assets.xcassets */,
			);
			path = "Preview Content";
			sourceTree = "<group>";
		};
		D1B1351A25B0B81D00B75A8B /* Home */ = {
			isa = PBXGroup;
			children = (
				D1B1350C25B0B73E00B75A8B /* HomeView.swift */,
				D1732A9825B747C1009E55E8 /* HomeViewModel.swift */,
				D1732A9C25B74841009E55E8 /* HomeItem.swift */,
				D1732AA325B74B22009E55E8 /* HomeRow.swift */,
			);
			path = Home;
			sourceTree = "<group>";
		};
		D1B1351B25B0B82A00B75A8B /* Resources */ = {
			isa = PBXGroup;
			children = (
				D1B1352F25B0BB1000B75A8B /* Localizable.strings */,
				D1B1350E25B0B74300B75A8B /* Assets.xcassets */,
				D1B1351325B0B74300B75A8B /* Info.plist */,
			);
			path = Resources;
			sourceTree = "<group>";
		};
		D1B1351C25B0B84100B75A8B /* Extensions */ = {
			isa = PBXGroup;
			children = (
				D1B1351D25B0B86900B75A8B /* BundleExtension.swift */,
				D1732AB225B74E18009E55E8 /* ImageExtension.swift */,
			);
			path = Extensions;
			sourceTree = "<group>";
		};
		D1D501F625B1FF8A00F5EE51 /* Frameworks */ = {
			isa = PBXGroup;
			children = (
				D11F4B8925BD99A1009F8950 /* NetworkKit.framework */,
				D1D501F725B1FF8A00F5EE51 /* WidgetKit.framework */,
				D1D501F925B1FF8A00F5EE51 /* SwiftUI.framework */,
			);
			name = Frameworks;
			sourceTree = "<group>";
		};
		D1D5026C25B2051F00F5EE51 /* WordOfTheDayWidget */ = {
			isa = PBXGroup;
			children = (
				D1D5028125B2056B00F5EE51 /* Source */,
				D1D5028225B2057500F5EE51 /* Resources */,
			);
			path = WordOfTheDayWidget;
			sourceTree = "<group>";
		};
		D1D5028125B2056B00F5EE51 /* Source */ = {
			isa = PBXGroup;
			children = (
				D1D5026D25B2051F00F5EE51 /* WordOfTheDayWidget.swift */,
				D1D5027D25B2056400F5EE51 /* WordOfTheDayWidgetProvider.swift */,
				D1D5029925B2063F00F5EE51 /* WordOfTheDayViewModel.swift */,
				D1D5028725B205B000F5EE51 /* WordOfTheDayEntryView.swift */,
				D102301525B6004200C1AD0C /* Modifiers */,
			);
			path = Source;
			sourceTree = "<group>";
		};
		D1D5028225B2057500F5EE51 /* Resources */ = {
			isa = PBXGroup;
			children = (
				D1D5026F25B2051F00F5EE51 /* WordOfTheDayWidget.intentdefinition */,
				D1D5027025B2052200F5EE51 /* Assets.xcassets */,
				D1D5027225B2052200F5EE51 /* Info.plist */,
				D1D502A925B3502100F5EE51 /* Localizable.strings */,
			);
			path = Resources;
			sourceTree = "<group>";
		};
/* End PBXGroup section */

/* Begin PBXNativeTarget section */
		D1B1350625B0B73E00B75A8B /* WordOfTheDay */ = {
			isa = PBXNativeTarget;
			buildConfigurationList = D1B1351625B0B74300B75A8B /* Build configuration list for PBXNativeTarget "WordOfTheDay" */;
			buildPhases = (
				D1B1350325B0B73E00B75A8B /* Sources */,
				D1B1350425B0B73E00B75A8B /* Frameworks */,
				D1B1350525B0B73E00B75A8B /* Resources */,
				D1D5020A25B1FF9000F5EE51 /* Embed App Extensions */,
				D1732C9425B89B82009E55E8 /* Embed Watch Content */,
			);
			buildRules = (
			);
			dependencies = (
				D1D5027625B2052200F5EE51 /* PBXTargetDependency */,
			);
			name = WordOfTheDay;
			packageProductDependencies = (
			);
			productName = WordOfTheDay;
			productReference = D1B1350725B0B73E00B75A8B /* WordOfTheDay.app */;
			productType = "com.apple.product-type.application";
		};
		D1D5026825B2051F00F5EE51 /* WordOfTheDayWidgetExtension */ = {
			isa = PBXNativeTarget;
			buildConfigurationList = D1D5027825B2052200F5EE51 /* Build configuration list for PBXNativeTarget "WordOfTheDayWidgetExtension" */;
			buildPhases = (
				D1D5026525B2051F00F5EE51 /* Sources */,
				D1D5026625B2051F00F5EE51 /* Frameworks */,
				D1D5026725B2051F00F5EE51 /* Resources */,
				D11F4B8C25BD99A1009F8950 /* Embed Frameworks */,
			);
			buildRules = (
			);
			dependencies = (
			);
			name = WordOfTheDayWidgetExtension;
			productName = WordOfTheDayWidgetExtension;
			productReference = D1D5026925B2051F00F5EE51 /* WordOfTheDayWidgetExtension.appex */;
			productType = "com.apple.product-type.app-extension";
		};
/* End PBXNativeTarget section */

/* Begin PBXProject section */
		D1B134FF25B0B73E00B75A8B /* Project object */ = {
			isa = PBXProject;
			attributes = {
				LastSwiftUpdateCheck = 1230;
				LastUpgradeCheck = 1230;
				TargetAttributes = {
					D1B1350625B0B73E00B75A8B = {
						CreatedOnToolsVersion = 12.3;
					};
					D1D5026825B2051F00F5EE51 = {
						CreatedOnToolsVersion = 12.3;
					};
				};
			};
			buildConfigurationList = D1B1350225B0B73E00B75A8B /* Build configuration list for PBXProject "WordOfTheDay" */;
			compatibilityVersion = "Xcode 9.3";
			developmentRegion = en;
			hasScannedForEncodings = 0;
			knownRegions = (
				en,
				Base,
			);
			mainGroup = D1B134FE25B0B73E00B75A8B;
			packageReferences = (
			);
			productRefGroup = D1B1350825B0B73E00B75A8B /* Products */;
			projectDirPath = "";
			projectRoot = "";
			targets = (
				D1B1350625B0B73E00B75A8B /* WordOfTheDay */,
				D1D5026825B2051F00F5EE51 /* WordOfTheDayWidgetExtension */,
			);
		};
/* End PBXProject section */

/* Begin PBXResourcesBuildPhase section */
		D1B1350525B0B73E00B75A8B /* Resources */ = {
			isa = PBXResourcesBuildPhase;
			buildActionMask = 2147483647;
			files = (
				D1B1351225B0B74300B75A8B /* Preview Assets.xcassets in Resources */,
				D1B1353025B0BB1000B75A8B /* Localizable.strings in Resources */,
				D1B1350F25B0B74300B75A8B /* Assets.xcassets in Resources */,
			);
			runOnlyForDeploymentPostprocessing = 0;
		};
		D1D5026725B2051F00F5EE51 /* Resources */ = {
			isa = PBXResourcesBuildPhase;
			buildActionMask = 2147483647;
			files = (
				D1D5027125B2052200F5EE51 /* Assets.xcassets in Resources */,
				D1D502AA25B3502100F5EE51 /* Localizable.strings in Resources */,
			);
			runOnlyForDeploymentPostprocessing = 0;
		};
/* End PBXResourcesBuildPhase section */

/* Begin PBXSourcesBuildPhase section */
		D1B1350325B0B73E00B75A8B /* Sources */ = {
			isa = PBXSourcesBuildPhase;
			buildActionMask = 2147483647;
			files = (
				D1732AA425B74B22009E55E8 /* HomeRow.swift in Sources */,
				D1D5027425B2052200F5EE51 /* WordOfTheDayWidget.intentdefinition in Sources */,
				D1732A9D25B74841009E55E8 /* HomeItem.swift in Sources */,
				D1732AB325B74E18009E55E8 /* ImageExtension.swift in Sources */,
				D1B1350D25B0B73E00B75A8B /* HomeView.swift in Sources */,
				D1B1350B25B0B73E00B75A8B /* WordOfTheDayApp.swift in Sources */,
				D1732AAC25B74D05009E55E8 /* SubTitleStyle.swift in Sources */,
				D1732A9925B747C1009E55E8 /* HomeViewModel.swift in Sources */,
				D1732AA925B74B7A009E55E8 /* TitleStyle.swift in Sources */,
				D1B1351E25B0B86900B75A8B /* BundleExtension.swift in Sources */,
			);
			runOnlyForDeploymentPostprocessing = 0;
		};
		D1D5026525B2051F00F5EE51 /* Sources */ = {
			isa = PBXSourcesBuildPhase;
			buildActionMask = 2147483647;
			files = (
				D1D5029225B2061A00F5EE51 /* WordOfTheDayWidgetProvider.swift in Sources */,
				D102304B25B603D800C1AD0C /* SubTitleStyle.swift in Sources */,
				D1D5027325B2052200F5EE51 /* WordOfTheDayWidget.intentdefinition in Sources */,
				D1D5026E25B2051F00F5EE51 /* WordOfTheDayWidget.swift in Sources */,
				D1D5028D25B2061700F5EE51 /* WordOfTheDayEntryView.swift in Sources */,
				D102304F25B603DD00C1AD0C /* BodyStyle.swift in Sources */,
				D102304D25B603DB00C1AD0C /* TitleStyle.swift in Sources */,
				D1D5029D25B2066700F5EE51 /* WordOfTheDayViewModel.swift in Sources */,
			);
			runOnlyForDeploymentPostprocessing = 0;
		};
/* End PBXSourcesBuildPhase section */

/* Begin PBXTargetDependency section */
		D1D5027625B2052200F5EE51 /* PBXTargetDependency */ = {
			isa = PBXTargetDependency;
			target = D1D5026825B2051F00F5EE51 /* WordOfTheDayWidgetExtension */;
			targetProxy = D1D5027525B2052200F5EE51 /* PBXContainerItemProxy */;
		};
/* End PBXTargetDependency section */

/* Begin XCBuildConfiguration section */
		D1B1351425B0B74300B75A8B /* Debug */ = {
			isa = XCBuildConfiguration;
			buildSettings = {
				ALWAYS_SEARCH_USER_PATHS = NO;
				CLANG_ANALYZER_NONNULL = YES;
				CLANG_ANALYZER_NUMBER_OBJECT_CONVERSION = YES_AGGRESSIVE;
				CLANG_CXX_LANGUAGE_STANDARD = "gnu++14";
				CLANG_CXX_LIBRARY = "libc++";
				CLANG_ENABLE_MODULES = YES;
				CLANG_ENABLE_OBJC_ARC = YES;
				CLANG_ENABLE_OBJC_WEAK = YES;
				CLANG_WARN_BLOCK_CAPTURE_AUTORELEASING = YES;
				CLANG_WARN_BOOL_CONVERSION = YES;
				CLANG_WARN_COMMA = YES;
				CLANG_WARN_CONSTANT_CONVERSION = YES;
				CLANG_WARN_DEPRECATED_OBJC_IMPLEMENTATIONS = YES;
				CLANG_WARN_DIRECT_OBJC_ISA_USAGE = YES_ERROR;
				CLANG_WARN_DOCUMENTATION_COMMENTS = YES;
				CLANG_WARN_EMPTY_BODY = YES;
				CLANG_WARN_ENUM_CONVERSION = YES;
				CLANG_WARN_INFINITE_RECURSION = YES;
				CLANG_WARN_INT_CONVERSION = YES;
				CLANG_WARN_NON_LITERAL_NULL_CONVERSION = YES;
				CLANG_WARN_OBJC_IMPLICIT_RETAIN_SELF = YES;
				CLANG_WARN_OBJC_LITERAL_CONVERSION = YES;
				CLANG_WARN_OBJC_ROOT_CLASS = YES_ERROR;
				CLANG_WARN_QUOTED_INCLUDE_IN_FRAMEWORK_HEADER = YES;
				CLANG_WARN_RANGE_LOOP_ANALYSIS = YES;
				CLANG_WARN_STRICT_PROTOTYPES = YES;
				CLANG_WARN_SUSPICIOUS_MOVE = YES;
				CLANG_WARN_UNGUARDED_AVAILABILITY = YES_AGGRESSIVE;
				CLANG_WARN_UNREACHABLE_CODE = YES;
				CLANG_WARN__DUPLICATE_METHOD_MATCH = YES;
				COPY_PHASE_STRIP = NO;
				DEBUG_INFORMATION_FORMAT = dwarf;
				ENABLE_STRICT_OBJC_MSGSEND = YES;
				ENABLE_TESTABILITY = YES;
				GCC_C_LANGUAGE_STANDARD = gnu11;
				GCC_DYNAMIC_NO_PIC = NO;
				GCC_NO_COMMON_BLOCKS = YES;
				GCC_OPTIMIZATION_LEVEL = 0;
				GCC_PREPROCESSOR_DEFINITIONS = (
					"DEBUG=1",
					"$(inherited)",
				);
				GCC_WARN_64_TO_32_BIT_CONVERSION = YES;
				GCC_WARN_ABOUT_RETURN_TYPE = YES_ERROR;
				GCC_WARN_UNDECLARED_SELECTOR = YES;
				GCC_WARN_UNINITIALIZED_AUTOS = YES_AGGRESSIVE;
				GCC_WARN_UNUSED_FUNCTION = YES;
				GCC_WARN_UNUSED_VARIABLE = YES;
				IPHONEOS_DEPLOYMENT_TARGET = 14.3;
				MTL_ENABLE_DEBUG_INFO = INCLUDE_SOURCE;
				MTL_FAST_MATH = YES;
				ONLY_ACTIVE_ARCH = YES;
				SDKROOT = iphoneos;
				SWIFT_ACTIVE_COMPILATION_CONDITIONS = DEBUG;
				SWIFT_OPTIMIZATION_LEVEL = "-Onone";
			};
			name = Debug;
		};
		D1B1351525B0B74300B75A8B /* Release */ = {
			isa = XCBuildConfiguration;
			buildSettings = {
				ALWAYS_SEARCH_USER_PATHS = NO;
				CLANG_ANALYZER_NONNULL = YES;
				CLANG_ANALYZER_NUMBER_OBJECT_CONVERSION = YES_AGGRESSIVE;
				CLANG_CXX_LANGUAGE_STANDARD = "gnu++14";
				CLANG_CXX_LIBRARY = "libc++";
				CLANG_ENABLE_MODULES = YES;
				CLANG_ENABLE_OBJC_ARC = YES;
				CLANG_ENABLE_OBJC_WEAK = YES;
				CLANG_WARN_BLOCK_CAPTURE_AUTORELEASING = YES;
				CLANG_WARN_BOOL_CONVERSION = YES;
				CLANG_WARN_COMMA = YES;
				CLANG_WARN_CONSTANT_CONVERSION = YES;
				CLANG_WARN_DEPRECATED_OBJC_IMPLEMENTATIONS = YES;
				CLANG_WARN_DIRECT_OBJC_ISA_USAGE = YES_ERROR;
				CLANG_WARN_DOCUMENTATION_COMMENTS = YES;
				CLANG_WARN_EMPTY_BODY = YES;
				CLANG_WARN_ENUM_CONVERSION = YES;
				CLANG_WARN_INFINITE_RECURSION = YES;
				CLANG_WARN_INT_CONVERSION = YES;
				CLANG_WARN_NON_LITERAL_NULL_CONVERSION = YES;
				CLANG_WARN_OBJC_IMPLICIT_RETAIN_SELF = YES;
				CLANG_WARN_OBJC_LITERAL_CONVERSION = YES;
				CLANG_WARN_OBJC_ROOT_CLASS = YES_ERROR;
				CLANG_WARN_QUOTED_INCLUDE_IN_FRAMEWORK_HEADER = YES;
				CLANG_WARN_RANGE_LOOP_ANALYSIS = YES;
				CLANG_WARN_STRICT_PROTOTYPES = YES;
				CLANG_WARN_SUSPICIOUS_MOVE = YES;
				CLANG_WARN_UNGUARDED_AVAILABILITY = YES_AGGRESSIVE;
				CLANG_WARN_UNREACHABLE_CODE = YES;
				CLANG_WARN__DUPLICATE_METHOD_MATCH = YES;
				COPY_PHASE_STRIP = NO;
				DEBUG_INFORMATION_FORMAT = "dwarf-with-dsym";
				ENABLE_NS_ASSERTIONS = NO;
				ENABLE_STRICT_OBJC_MSGSEND = YES;
				GCC_C_LANGUAGE_STANDARD = gnu11;
				GCC_NO_COMMON_BLOCKS = YES;
				GCC_WARN_64_TO_32_BIT_CONVERSION = YES;
				GCC_WARN_ABOUT_RETURN_TYPE = YES_ERROR;
				GCC_WARN_UNDECLARED_SELECTOR = YES;
				GCC_WARN_UNINITIALIZED_AUTOS = YES_AGGRESSIVE;
				GCC_WARN_UNUSED_FUNCTION = YES;
				GCC_WARN_UNUSED_VARIABLE = YES;
				IPHONEOS_DEPLOYMENT_TARGET = 14.3;
				MTL_ENABLE_DEBUG_INFO = NO;
				MTL_FAST_MATH = YES;
				SDKROOT = iphoneos;
				SWIFT_COMPILATION_MODE = wholemodule;
				SWIFT_OPTIMIZATION_LEVEL = "-O";
				VALIDATE_PRODUCT = YES;
			};
			name = Release;
		};
		D1B1351725B0B74300B75A8B /* Debug */ = {
			isa = XCBuildConfiguration;
			buildSettings = {
				ALWAYS_EMBED_SWIFT_STANDARD_LIBRARIES = YES;
				ASSETCATALOG_COMPILER_APPICON_NAME = AppIcon;
				ASSETCATALOG_COMPILER_GLOBAL_ACCENT_COLOR_NAME = AccentColor;
				CODE_SIGN_STYLE = Automatic;
				DEVELOPMENT_ASSET_PATHS = "\"WordOfTheDay/Preview Content\"";
				DEVELOPMENT_TEAM = NPHFRGDN5J;
				ENABLE_PREVIEWS = YES;
				INFOPLIST_FILE = WordOfTheDay/Resources/Info.plist;
				IPHONEOS_DEPLOYMENT_TARGET = 14.0;
				LD_RUNPATH_SEARCH_PATHS = (
					"$(inherited)",
					"@executable_path/Frameworks",
				);
				PRODUCT_BUNDLE_IDENTIFIER = com.kyledold.WordOfTheDay;
				PRODUCT_NAME = "$(TARGET_NAME)";
				SWIFT_VERSION = 5.0;
				TARGETED_DEVICE_FAMILY = "1,2";
			};
			name = Debug;
		};
		D1B1351825B0B74300B75A8B /* Release */ = {
			isa = XCBuildConfiguration;
			buildSettings = {
				ALWAYS_EMBED_SWIFT_STANDARD_LIBRARIES = YES;
				ASSETCATALOG_COMPILER_APPICON_NAME = AppIcon;
				ASSETCATALOG_COMPILER_GLOBAL_ACCENT_COLOR_NAME = AccentColor;
				CODE_SIGN_STYLE = Automatic;
				DEVELOPMENT_ASSET_PATHS = "\"WordOfTheDay/Preview Content\"";
				DEVELOPMENT_TEAM = NPHFRGDN5J;
				ENABLE_PREVIEWS = YES;
				INFOPLIST_FILE = WordOfTheDay/Resources/Info.plist;
				IPHONEOS_DEPLOYMENT_TARGET = 14.0;
				LD_RUNPATH_SEARCH_PATHS = (
					"$(inherited)",
					"@executable_path/Frameworks",
				);
				PRODUCT_BUNDLE_IDENTIFIER = com.kyledold.WordOfTheDay;
				PRODUCT_NAME = "$(TARGET_NAME)";
				SWIFT_VERSION = 5.0;
				TARGETED_DEVICE_FAMILY = "1,2";
			};
			name = Release;
		};
		D1D5027925B2052200F5EE51 /* Debug */ = {
			isa = XCBuildConfiguration;
			buildSettings = {
				ASSETCATALOG_COMPILER_GLOBAL_ACCENT_COLOR_NAME = AccentColor;
				ASSETCATALOG_COMPILER_WIDGET_BACKGROUND_COLOR_NAME = WidgetBackground;
				CODE_SIGN_STYLE = Automatic;
				DEVELOPMENT_TEAM = NPHFRGDN5J;
				INFOPLIST_FILE = WordOfTheDayWidget/Resources/Info.plist;
				IPHONEOS_DEPLOYMENT_TARGET = 14.0;
				LD_RUNPATH_SEARCH_PATHS = (
					"$(inherited)",
					"@executable_path/Frameworks",
					"@executable_path/../../Frameworks",
				);
				PRODUCT_BUNDLE_IDENTIFIER = com.kyledold.WordOfTheDay.WordOfTheDayWidget;
				PRODUCT_NAME = "$(TARGET_NAME)";
				SKIP_INSTALL = YES;
				SWIFT_VERSION = 5.0;
				TARGETED_DEVICE_FAMILY = "1,2";
			};
			name = Debug;
		};
		D1D5027A25B2052200F5EE51 /* Release */ = {
			isa = XCBuildConfiguration;
			buildSettings = {
				ASSETCATALOG_COMPILER_GLOBAL_ACCENT_COLOR_NAME = AccentColor;
				ASSETCATALOG_COMPILER_WIDGET_BACKGROUND_COLOR_NAME = WidgetBackground;
				CODE_SIGN_STYLE = Automatic;
				DEVELOPMENT_TEAM = NPHFRGDN5J;
				INFOPLIST_FILE = WordOfTheDayWidget/Resources/Info.plist;
				IPHONEOS_DEPLOYMENT_TARGET = 14.0;
				LD_RUNPATH_SEARCH_PATHS = (
					"$(inherited)",
					"@executable_path/Frameworks",
					"@executable_path/../../Frameworks",
				);
				PRODUCT_BUNDLE_IDENTIFIER = com.kyledold.WordOfTheDay.WordOfTheDayWidget;
				PRODUCT_NAME = "$(TARGET_NAME)";
				SKIP_INSTALL = YES;
				SWIFT_VERSION = 5.0;
				TARGETED_DEVICE_FAMILY = "1,2";
			};
			name = Release;
		};
/* End XCBuildConfiguration section */

/* Begin XCConfigurationList section */
		D1B1350225B0B73E00B75A8B /* Build configuration list for PBXProject "WordOfTheDay" */ = {
			isa = XCConfigurationList;
			buildConfigurations = (
				D1B1351425B0B74300B75A8B /* Debug */,
				D1B1351525B0B74300B75A8B /* Release */,
			);
			defaultConfigurationIsVisible = 0;
			defaultConfigurationName = Release;
		};
		D1B1351625B0B74300B75A8B /* Build configuration list for PBXNativeTarget "WordOfTheDay" */ = {
			isa = XCConfigurationList;
			buildConfigurations = (
				D1B1351725B0B74300B75A8B /* Debug */,
				D1B1351825B0B74300B75A8B /* Release */,
			);
			defaultConfigurationIsVisible = 0;
			defaultConfigurationName = Release;
		};
		D1D5027825B2052200F5EE51 /* Build configuration list for PBXNativeTarget "WordOfTheDayWidgetExtension" */ = {
			isa = XCConfigurationList;
			buildConfigurations = (
				D1D5027925B2052200F5EE51 /* Debug */,
				D1D5027A25B2052200F5EE51 /* Release */,
			);
			defaultConfigurationIsVisible = 0;
			defaultConfigurationName = Release;
		};
/* End XCConfigurationList section */
	};
	rootObject = D1B134FF25B0B73E00B75A8B /* Project object */;
}
