// !$*UTF8*$!
{
	archiveVersion = 1;
	classes = {
	};
	objectVersion = 50;
	objects = {

/* Begin PBXBuildFile section */
		D11F4BB225BF2EC1009F8950 /* WordOfTheDayView.swift in Sources */ = {isa = PBXBuildFile; fileRef = D11F4BB125BF2EC1009F8950 /* WordOfTheDayView.swift */; };
		D11F4BC225BF3074009F8950 /* WordOfTheDayViewModel.swift in Sources */ = {isa = PBXBuildFile; fileRef = D11F4BC125BF3074009F8950 /* WordOfTheDayViewModel.swift */; };
		D15237DB25BF368900809652 /* Localizable.strings in Resources */ = {isa = PBXBuildFile; fileRef = D15237DA25BF368900809652 /* Localizable.strings */; };
		D15237E025BF381C00809652 /* TitleStyle.swift in Sources */ = {isa = PBXBuildFile; fileRef = D15237DF25BF381C00809652 /* TitleStyle.swift */; };
		D15237E525BF386900809652 /* Merriweather-Regular.ttf in Resources */ = {isa = PBXBuildFile; fileRef = D15237E425BF386900809652 /* Merriweather-Regular.ttf */; };
		D15237E925BF38AC00809652 /* BodyStyle.swift in Sources */ = {isa = PBXBuildFile; fileRef = D15237E825BF38AC00809652 /* BodyStyle.swift */; };
		D15237EE25BF390500809652 /* Trirong-Light.ttf in Resources */ = {isa = PBXBuildFile; fileRef = D15237ED25BF390500809652 /* Trirong-Light.ttf */; };
		D15237F325BF391900809652 /* SubTitleStyle.swift in Sources */ = {isa = PBXBuildFile; fileRef = D15237F225BF391900809652 /* SubTitleStyle.swift */; };
		D1DAB07725BC59CF00E648EB /* WordOfTheDayWatchApp WatchKit App.app in Embed Watch Content */ = {isa = PBXBuildFile; fileRef = D1DAB07625BC59CF00E648EB /* WordOfTheDayWatchApp WatchKit App.app */; settings = {ATTRIBUTES = (RemoveHeadersOnCopy, ); }; };
		D1DAB07C25BC59D200E648EB /* Assets.xcassets in Resources */ = {isa = PBXBuildFile; fileRef = D1DAB07B25BC59D200E648EB /* Assets.xcassets */; };
		D1DAB08325BC59D200E648EB /* WordOfTheDayWatchApp WatchKit Extension.appex in Embed App Extensions */ = {isa = PBXBuildFile; fileRef = D1DAB08225BC59D200E648EB /* WordOfTheDayWatchApp WatchKit Extension.appex */; settings = {ATTRIBUTES = (RemoveHeadersOnCopy, ); }; };
		D1DAB08825BC59D200E648EB /* WordOfTheDayWatchAppApp.swift in Sources */ = {isa = PBXBuildFile; fileRef = D1DAB08725BC59D200E648EB /* WordOfTheDayWatchAppApp.swift */; };
		D1DAB08C25BC59D200E648EB /* NotificationController.swift in Sources */ = {isa = PBXBuildFile; fileRef = D1DAB08B25BC59D200E648EB /* NotificationController.swift */; };
		D1DAB08E25BC59D200E648EB /* NotificationView.swift in Sources */ = {isa = PBXBuildFile; fileRef = D1DAB08D25BC59D200E648EB /* NotificationView.swift */; };
		D1DAB09025BC59D200E648EB /* ComplicationController.swift in Sources */ = {isa = PBXBuildFile; fileRef = D1DAB08F25BC59D200E648EB /* ComplicationController.swift */; };
		D1DAB09225BC59D500E648EB /* Assets.xcassets in Resources */ = {isa = PBXBuildFile; fileRef = D1DAB09125BC59D500E648EB /* Assets.xcassets */; };
		D1DAB09525BC59D500E648EB /* Preview Assets.xcassets in Resources */ = {isa = PBXBuildFile; fileRef = D1DAB09425BC59D500E648EB /* Preview Assets.xcassets */; };
		D1DAB0C525BC5C7300E648EB /* NetworkKit.framework in Frameworks */ = {isa = PBXBuildFile; fileRef = D1DAB0C425BC5C7300E648EB /* NetworkKit.framework */; };
		D1DAB0C625BC5C7300E648EB /* NetworkKit.framework in Embed Frameworks */ = {isa = PBXBuildFile; fileRef = D1DAB0C425BC5C7300E648EB /* NetworkKit.framework */; settings = {ATTRIBUTES = (CodeSignOnCopy, RemoveHeadersOnCopy, ); }; };
/* End PBXBuildFile section */

/* Begin PBXContainerItemProxy section */
		D1DAB07825BC59CF00E648EB /* PBXContainerItemProxy */ = {
			isa = PBXContainerItemProxy;
			containerPortal = D1DAB06C25BC59CF00E648EB /* Project object */;
			proxyType = 1;
			remoteGlobalIDString = D1DAB07525BC59CF00E648EB;
			remoteInfo = "WordOfTheDayWatchApp WatchKit App";
		};
		D1DAB08425BC59D200E648EB /* PBXContainerItemProxy */ = {
			isa = PBXContainerItemProxy;
			containerPortal = D1DAB06C25BC59CF00E648EB /* Project object */;
			proxyType = 1;
			remoteGlobalIDString = D1DAB08125BC59D200E648EB;
			remoteInfo = "WordOfTheDayWatchApp WatchKit Extension";
		};
/* End PBXContainerItemProxy section */

/* Begin PBXCopyFilesBuildPhase section */
		D1DAB09D25BC59D500E648EB /* Embed App Extensions */ = {
			isa = PBXCopyFilesBuildPhase;
			buildActionMask = 2147483647;
			dstPath = "";
			dstSubfolderSpec = 13;
			files = (
				D1DAB08325BC59D200E648EB /* WordOfTheDayWatchApp WatchKit Extension.appex in Embed App Extensions */,
			);
			name = "Embed App Extensions";
			runOnlyForDeploymentPostprocessing = 0;
		};
		D1DAB0A125BC59D500E648EB /* Embed Watch Content */ = {
			isa = PBXCopyFilesBuildPhase;
			buildActionMask = 2147483647;
			dstPath = "$(CONTENTS_FOLDER_PATH)/Watch";
			dstSubfolderSpec = 16;
			files = (
				D1DAB07725BC59CF00E648EB /* WordOfTheDayWatchApp WatchKit App.app in Embed Watch Content */,
			);
			name = "Embed Watch Content";
			runOnlyForDeploymentPostprocessing = 0;
		};
		D1DAB0C725BC5C7300E648EB /* Embed Frameworks */ = {
			isa = PBXCopyFilesBuildPhase;
			buildActionMask = 2147483647;
			dstPath = "";
			dstSubfolderSpec = 10;
			files = (
				D1DAB0C625BC5C7300E648EB /* NetworkKit.framework in Embed Frameworks */,
			);
			name = "Embed Frameworks";
			runOnlyForDeploymentPostprocessing = 0;
		};
/* End PBXCopyFilesBuildPhase section */

/* Begin PBXFileReference section */
		D11F4BB125BF2EC1009F8950 /* WordOfTheDayView.swift */ = {isa = PBXFileReference; lastKnownFileType = sourcecode.swift; path = WordOfTheDayView.swift; sourceTree = "<group>"; };
		D11F4BC125BF3074009F8950 /* WordOfTheDayViewModel.swift */ = {isa = PBXFileReference; lastKnownFileType = sourcecode.swift; path = WordOfTheDayViewModel.swift; sourceTree = "<group>"; };
		D15237DA25BF368900809652 /* Localizable.strings */ = {isa = PBXFileReference; lastKnownFileType = text.plist.strings; path = Localizable.strings; sourceTree = "<group>"; };
		D15237DF25BF381C00809652 /* TitleStyle.swift */ = {isa = PBXFileReference; lastKnownFileType = sourcecode.swift; path = TitleStyle.swift; sourceTree = "<group>"; };
		D15237E425BF386900809652 /* Merriweather-Regular.ttf */ = {isa = PBXFileReference; lastKnownFileType = file; path = "Merriweather-Regular.ttf"; sourceTree = "<group>"; };
		D15237E825BF38AC00809652 /* BodyStyle.swift */ = {isa = PBXFileReference; lastKnownFileType = sourcecode.swift; path = BodyStyle.swift; sourceTree = "<group>"; };
		D15237EC25BF38B700809652 /* OpenSans-LightItalic.ttf */ = {isa = PBXFileReference; lastKnownFileType = file; path = "OpenSans-LightItalic.ttf"; sourceTree = "<group>"; };
		D15237ED25BF390500809652 /* Trirong-Light.ttf */ = {isa = PBXFileReference; lastKnownFileType = file; path = "Trirong-Light.ttf"; sourceTree = "<group>"; };
		D15237F225BF391900809652 /* SubTitleStyle.swift */ = {isa = PBXFileReference; lastKnownFileType = sourcecode.swift; path = SubTitleStyle.swift; sourceTree = "<group>"; };
		D1DAB07225BC59CF00E648EB /* WordOfTheDayWatchApp.app */ = {isa = PBXFileReference; explicitFileType = wrapper.application; includeInIndex = 0; path = WordOfTheDayWatchApp.app; sourceTree = BUILT_PRODUCTS_DIR; };
		D1DAB07625BC59CF00E648EB /* WordOfTheDayWatchApp WatchKit App.app */ = {isa = PBXFileReference; explicitFileType = wrapper.application; includeInIndex = 0; path = "WordOfTheDayWatchApp WatchKit App.app"; sourceTree = BUILT_PRODUCTS_DIR; };
		D1DAB07B25BC59D200E648EB /* Assets.xcassets */ = {isa = PBXFileReference; lastKnownFileType = folder.assetcatalog; path = Assets.xcassets; sourceTree = "<group>"; };
		D1DAB07D25BC59D200E648EB /* Info.plist */ = {isa = PBXFileReference; lastKnownFileType = text.plist.xml; path = Info.plist; sourceTree = "<group>"; };
		D1DAB08225BC59D200E648EB /* WordOfTheDayWatchApp WatchKit Extension.appex */ = {isa = PBXFileReference; explicitFileType = "wrapper.app-extension"; includeInIndex = 0; path = "WordOfTheDayWatchApp WatchKit Extension.appex"; sourceTree = BUILT_PRODUCTS_DIR; };
		D1DAB08725BC59D200E648EB /* WordOfTheDayWatchAppApp.swift */ = {isa = PBXFileReference; lastKnownFileType = sourcecode.swift; path = WordOfTheDayWatchAppApp.swift; sourceTree = "<group>"; };
		D1DAB08B25BC59D200E648EB /* NotificationController.swift */ = {isa = PBXFileReference; lastKnownFileType = sourcecode.swift; path = NotificationController.swift; sourceTree = "<group>"; };
		D1DAB08D25BC59D200E648EB /* NotificationView.swift */ = {isa = PBXFileReference; lastKnownFileType = sourcecode.swift; path = NotificationView.swift; sourceTree = "<group>"; };
		D1DAB08F25BC59D200E648EB /* ComplicationController.swift */ = {isa = PBXFileReference; lastKnownFileType = sourcecode.swift; path = ComplicationController.swift; sourceTree = "<group>"; };
		D1DAB09125BC59D500E648EB /* Assets.xcassets */ = {isa = PBXFileReference; lastKnownFileType = folder.assetcatalog; path = Assets.xcassets; sourceTree = "<group>"; };
		D1DAB09425BC59D500E648EB /* Preview Assets.xcassets */ = {isa = PBXFileReference; lastKnownFileType = folder.assetcatalog; path = "Preview Assets.xcassets"; sourceTree = "<group>"; };
		D1DAB09625BC59D500E648EB /* Info.plist */ = {isa = PBXFileReference; lastKnownFileType = text.plist.xml; path = Info.plist; sourceTree = "<group>"; };
		D1DAB09725BC59D500E648EB /* PushNotificationPayload.apns */ = {isa = PBXFileReference; lastKnownFileType = text; path = PushNotificationPayload.apns; sourceTree = "<group>"; };
		D1DAB0B625BC5C3700E648EB /* NetworkKit.framework */ = {isa = PBXFileReference; explicitFileType = wrapper.framework; path = NetworkKit.framework; sourceTree = BUILT_PRODUCTS_DIR; };
		D1DAB0C425BC5C7300E648EB /* NetworkKit.framework */ = {isa = PBXFileReference; explicitFileType = wrapper.framework; path = NetworkKit.framework; sourceTree = BUILT_PRODUCTS_DIR; };
		D1DAB0CA25BC5CAF00E648EB /* NetworkKit.framework */ = {isa = PBXFileReference; explicitFileType = wrapper.framework; path = NetworkKit.framework; sourceTree = BUILT_PRODUCTS_DIR; };
/* End PBXFileReference section */

/* Begin PBXFrameworksBuildPhase section */
		D1DAB07F25BC59D200E648EB /* Frameworks */ = {
			isa = PBXFrameworksBuildPhase;
			buildActionMask = 2147483647;
			files = (
				D1DAB0C525BC5C7300E648EB /* NetworkKit.framework in Frameworks */,
			);
			runOnlyForDeploymentPostprocessing = 0;
		};
		D1DAB0CD25BC5CAF00E648EB /* Frameworks */ = {
			isa = PBXFrameworksBuildPhase;
			buildActionMask = 2147483647;
			files = (
			);
			runOnlyForDeploymentPostprocessing = 0;
		};
/* End PBXFrameworksBuildPhase section */

/* Begin PBXGroup section */
		D11F4BB925BF2EF9009F8950 /* Word Of The Day */ = {
			isa = PBXGroup;
			children = (
				D11F4BB125BF2EC1009F8950 /* WordOfTheDayView.swift */,
				D11F4BC125BF3074009F8950 /* WordOfTheDayViewModel.swift */,
			);
			path = "Word Of The Day";
			sourceTree = "<group>";
		};
		D11F4BBA25BF2F05009F8950 /* Notifications */ = {
			isa = PBXGroup;
			children = (
				D1DAB08B25BC59D200E648EB /* NotificationController.swift */,
				D1DAB08D25BC59D200E648EB /* NotificationView.swift */,
			);
			path = Notifications;
			sourceTree = "<group>";
		};
		D15237DE25BF380400809652 /* Modifiers */ = {
			isa = PBXGroup;
			children = (
				D15237DF25BF381C00809652 /* TitleStyle.swift */,
				D15237F225BF391900809652 /* SubTitleStyle.swift */,
				D15237E825BF38AC00809652 /* BodyStyle.swift */,
			);
			path = Modifiers;
			sourceTree = "<group>";
		};
		D15237E325BF385E00809652 /* Fonts */ = {
			isa = PBXGroup;
			children = (
				D15237ED25BF390500809652 /* Trirong-Light.ttf */,
				D15237EC25BF38B700809652 /* OpenSans-LightItalic.ttf */,
				D15237E425BF386900809652 /* Merriweather-Regular.ttf */,
			);
			path = Fonts;
			sourceTree = "<group>";
		};
		D1DAB06B25BC59CF00E648EB = {
			isa = PBXGroup;
			children = (
				D1DAB07A25BC59CF00E648EB /* WordOfTheDayWatchApp WatchKit App */,
				D1DAB08625BC59D200E648EB /* WordOfTheDayWatchApp WatchKit Extension */,
				D1DAB07325BC59CF00E648EB /* Products */,
				D1DAB0B525BC5C3600E648EB /* Frameworks */,
			);
			sourceTree = "<group>";
		};
		D1DAB07325BC59CF00E648EB /* Products */ = {
			isa = PBXGroup;
			children = (
				D1DAB07225BC59CF00E648EB /* WordOfTheDayWatchApp.app */,
				D1DAB07625BC59CF00E648EB /* WordOfTheDayWatchApp WatchKit App.app */,
				D1DAB08225BC59D200E648EB /* WordOfTheDayWatchApp WatchKit Extension.appex */,
			);
			name = Products;
			sourceTree = "<group>";
		};
		D1DAB07A25BC59CF00E648EB /* WordOfTheDayWatchApp WatchKit App */ = {
			isa = PBXGroup;
			children = (
				D1DAB0A825BC59F200E648EB /* Resources */,
			);
			path = "WordOfTheDayWatchApp WatchKit App";
			sourceTree = "<group>";
		};
		D1DAB08625BC59D200E648EB /* WordOfTheDayWatchApp WatchKit Extension */ = {
			isa = PBXGroup;
			children = (
				D1DAB0A925BC59FD00E648EB /* Source */,
				D1DAB0AA25BC5A0300E648EB /* Resources */,
				D1DAB09325BC59D500E648EB /* Preview Content */,
			);
			path = "WordOfTheDayWatchApp WatchKit Extension";
			sourceTree = "<group>";
		};
		D1DAB09325BC59D500E648EB /* Preview Content */ = {
			isa = PBXGroup;
			children = (
				D1DAB09425BC59D500E648EB /* Preview Assets.xcassets */,
			);
			path = "Preview Content";
			sourceTree = "<group>";
		};
		D1DAB0A825BC59F200E648EB /* Resources */ = {
			isa = PBXGroup;
			children = (
				D1DAB07B25BC59D200E648EB /* Assets.xcassets */,
				D1DAB07D25BC59D200E648EB /* Info.plist */,
			);
			path = Resources;
			sourceTree = "<group>";
		};
		D1DAB0A925BC59FD00E648EB /* Source */ = {
			isa = PBXGroup;
			children = (
				D1DAB08725BC59D200E648EB /* WordOfTheDayWatchAppApp.swift */,
				D1DAB08F25BC59D200E648EB /* ComplicationController.swift */,
				D11F4BBA25BF2F05009F8950 /* Notifications */,
				D11F4BB925BF2EF9009F8950 /* Word Of The Day */,
				D15237DE25BF380400809652 /* Modifiers */,
			);
			path = Source;
			sourceTree = "<group>";
		};
		D1DAB0AA25BC5A0300E648EB /* Resources */ = {
			isa = PBXGroup;
			children = (
				D15237E325BF385E00809652 /* Fonts */,
				D1DAB09125BC59D500E648EB /* Assets.xcassets */,
				D1DAB09625BC59D500E648EB /* Info.plist */,
				D1DAB09725BC59D500E648EB /* PushNotificationPayload.apns */,
				D15237DA25BF368900809652 /* Localizable.strings */,
			);
			path = Resources;
			sourceTree = "<group>";
		};
		D1DAB0B525BC5C3600E648EB /* Frameworks */ = {
			isa = PBXGroup;
			children = (
				D1DAB0CA25BC5CAF00E648EB /* NetworkKit.framework */,
				D1DAB0C425BC5C7300E648EB /* NetworkKit.framework */,
				D1DAB0B625BC5C3700E648EB /* NetworkKit.framework */,
			);
			name = Frameworks;
			sourceTree = "<group>";
		};
/* End PBXGroup section */

/* Begin PBXNativeTarget section */
		D1DAB07125BC59CF00E648EB /* WordOfTheDayWatchApp */ = {
			isa = PBXNativeTarget;
			buildConfigurationList = D1DAB0A225BC59D500E648EB /* Build configuration list for PBXNativeTarget "WordOfTheDayWatchApp" */;
			buildPhases = (
				D1DAB07025BC59CF00E648EB /* Resources */,
				D1DAB0A125BC59D500E648EB /* Embed Watch Content */,
			);
			buildRules = (
			);
			dependencies = (
				D1DAB07925BC59CF00E648EB /* PBXTargetDependency */,
			);
			name = WordOfTheDayWatchApp;
			productName = WordOfTheDayWatchApp;
			productReference = D1DAB07225BC59CF00E648EB /* WordOfTheDayWatchApp.app */;
			productType = "com.apple.product-type.application.watchapp2-container";
		};
		D1DAB07525BC59CF00E648EB /* WordOfTheDayWatchApp WatchKit App */ = {
			isa = PBXNativeTarget;
			buildConfigurationList = D1DAB09E25BC59D500E648EB /* Build configuration list for PBXNativeTarget "WordOfTheDayWatchApp WatchKit App" */;
			buildPhases = (
				D1DAB07425BC59CF00E648EB /* Resources */,
				D1DAB09D25BC59D500E648EB /* Embed App Extensions */,
				D1DAB0CD25BC5CAF00E648EB /* Frameworks */,
			);
			buildRules = (
			);
			dependencies = (
				D1DAB08525BC59D200E648EB /* PBXTargetDependency */,
			);
			name = "WordOfTheDayWatchApp WatchKit App";
			productName = "WordOfTheDayWatchApp WatchKit App";
			productReference = D1DAB07625BC59CF00E648EB /* WordOfTheDayWatchApp WatchKit App.app */;
			productType = "com.apple.product-type.application.watchapp2";
		};
		D1DAB08125BC59D200E648EB /* WordOfTheDayWatchApp WatchKit Extension */ = {
			isa = PBXNativeTarget;
			buildConfigurationList = D1DAB09A25BC59D500E648EB /* Build configuration list for PBXNativeTarget "WordOfTheDayWatchApp WatchKit Extension" */;
			buildPhases = (
				D1DAB07E25BC59D200E648EB /* Sources */,
				D1DAB07F25BC59D200E648EB /* Frameworks */,
				D1DAB08025BC59D200E648EB /* Resources */,
				D1DAB0C725BC5C7300E648EB /* Embed Frameworks */,
			);
			buildRules = (
			);
			dependencies = (
			);
			name = "WordOfTheDayWatchApp WatchKit Extension";
			productName = "WordOfTheDayWatchApp WatchKit Extension";
			productReference = D1DAB08225BC59D200E648EB /* WordOfTheDayWatchApp WatchKit Extension.appex */;
			productType = "com.apple.product-type.watchkit2-extension";
		};
/* End PBXNativeTarget section */

/* Begin PBXProject section */
		D1DAB06C25BC59CF00E648EB /* Project object */ = {
			isa = PBXProject;
			attributes = {
				LastSwiftUpdateCheck = 1230;
				LastUpgradeCheck = 1230;
				TargetAttributes = {
					D1DAB07125BC59CF00E648EB = {
						CreatedOnToolsVersion = 12.3;
					};
					D1DAB07525BC59CF00E648EB = {
						CreatedOnToolsVersion = 12.3;
					};
					D1DAB08125BC59D200E648EB = {
						CreatedOnToolsVersion = 12.3;
					};
				};
			};
			buildConfigurationList = D1DAB06F25BC59CF00E648EB /* Build configuration list for PBXProject "WordOfTheDayWatchApp" */;
			compatibilityVersion = "Xcode 9.3";
			developmentRegion = en;
			hasScannedForEncodings = 0;
			knownRegions = (
				en,
				Base,
			);
			mainGroup = D1DAB06B25BC59CF00E648EB;
			productRefGroup = D1DAB07325BC59CF00E648EB /* Products */;
			projectDirPath = "";
			projectRoot = "";
			targets = (
				D1DAB07125BC59CF00E648EB /* WordOfTheDayWatchApp */,
				D1DAB07525BC59CF00E648EB /* WordOfTheDayWatchApp WatchKit App */,
				D1DAB08125BC59D200E648EB /* WordOfTheDayWatchApp WatchKit Extension */,
			);
		};
/* End PBXProject section */

/* Begin PBXResourcesBuildPhase section */
		D1DAB07025BC59CF00E648EB /* Resources */ = {
			isa = PBXResourcesBuildPhase;
			buildActionMask = 2147483647;
			files = (
			);
			runOnlyForDeploymentPostprocessing = 0;
		};
		D1DAB07425BC59CF00E648EB /* Resources */ = {
			isa = PBXResourcesBuildPhase;
			buildActionMask = 2147483647;
			files = (
				D1DAB07C25BC59D200E648EB /* Assets.xcassets in Resources */,
			);
			runOnlyForDeploymentPostprocessing = 0;
		};
		D1DAB08025BC59D200E648EB /* Resources */ = {
			isa = PBXResourcesBuildPhase;
			buildActionMask = 2147483647;
			files = (
				D1DAB09525BC59D500E648EB /* Preview Assets.xcassets in Resources */,
				D15237DB25BF368900809652 /* Localizable.strings in Resources */,
				D15237E525BF386900809652 /* Merriweather-Regular.ttf in Resources */,
				D15237EE25BF390500809652 /* Trirong-Light.ttf in Resources */,
				D1DAB09225BC59D500E648EB /* Assets.xcassets in Resources */,
			);
			runOnlyForDeploymentPostprocessing = 0;
		};
/* End PBXResourcesBuildPhase section */

/* Begin PBXSourcesBuildPhase section */
		D1DAB07E25BC59D200E648EB /* Sources */ = {
			isa = PBXSourcesBuildPhase;
			buildActionMask = 2147483647;
			files = (
				D11F4BC225BF3074009F8950 /* WordOfTheDayViewModel.swift in Sources */,
				D15237E925BF38AC00809652 /* BodyStyle.swift in Sources */,
				D1DAB08C25BC59D200E648EB /* NotificationController.swift in Sources */,
				D15237E025BF381C00809652 /* TitleStyle.swift in Sources */,
				D1DAB09025BC59D200E648EB /* ComplicationController.swift in Sources */,
				D15237F325BF391900809652 /* SubTitleStyle.swift in Sources */,
				D1DAB08825BC59D200E648EB /* WordOfTheDayWatchAppApp.swift in Sources */,
				D11F4BB225BF2EC1009F8950 /* WordOfTheDayView.swift in Sources */,
				D1DAB08E25BC59D200E648EB /* NotificationView.swift in Sources */,
			);
			runOnlyForDeploymentPostprocessing = 0;
		};
/* End PBXSourcesBuildPhase section */

/* Begin PBXTargetDependency section */
		D1DAB07925BC59CF00E648EB /* PBXTargetDependency */ = {
			isa = PBXTargetDependency;
			target = D1DAB07525BC59CF00E648EB /* WordOfTheDayWatchApp WatchKit App */;
			targetProxy = D1DAB07825BC59CF00E648EB /* PBXContainerItemProxy */;
		};
		D1DAB08525BC59D200E648EB /* PBXTargetDependency */ = {
			isa = PBXTargetDependency;
			target = D1DAB08125BC59D200E648EB /* WordOfTheDayWatchApp WatchKit Extension */;
			targetProxy = D1DAB08425BC59D200E648EB /* PBXContainerItemProxy */;
		};
/* End PBXTargetDependency section */

/* Begin XCBuildConfiguration section */
		D1DAB09825BC59D500E648EB /* Debug */ = {
			isa = XCBuildConfiguration;
			buildSettings = {
				ALWAYS_SEARCH_USER_PATHS = NO;
				CLANG_ANALYZER_NONNULL = YES;
				CLANG_ANALYZER_NUMBER_OBJECT_CONVERSION = YES_AGGRESSIVE;
				CLANG_CXX_LANGUAGE_STANDARD = "gnu++14";
				CLANG_CXX_LIBRARY = "libc++";
				CLANG_ENABLE_MODULES = YES;
				CLANG_ENABLE_OBJC_ARC = YES;
				CLANG_ENABLE_OBJC_WEAK = YES;
				CLANG_WARN_BLOCK_CAPTURE_AUTORELEASING = YES;
				CLANG_WARN_BOOL_CONVERSION = YES;
				CLANG_WARN_COMMA = YES;
				CLANG_WARN_CONSTANT_CONVERSION = YES;
				CLANG_WARN_DEPRECATED_OBJC_IMPLEMENTATIONS = YES;
				CLANG_WARN_DIRECT_OBJC_ISA_USAGE = YES_ERROR;
				CLANG_WARN_DOCUMENTATION_COMMENTS = YES;
				CLANG_WARN_EMPTY_BODY = YES;
				CLANG_WARN_ENUM_CONVERSION = YES;
				CLANG_WARN_INFINITE_RECURSION = YES;
				CLANG_WARN_INT_CONVERSION = YES;
				CLANG_WARN_NON_LITERAL_NULL_CONVERSION = YES;
				CLANG_WARN_OBJC_IMPLICIT_RETAIN_SELF = YES;
				CLANG_WARN_OBJC_LITERAL_CONVERSION = YES;
				CLANG_WARN_OBJC_ROOT_CLASS = YES_ERROR;
				CLANG_WARN_QUOTED_INCLUDE_IN_FRAMEWORK_HEADER = YES;
				CLANG_WARN_RANGE_LOOP_ANALYSIS = YES;
				CLANG_WARN_STRICT_PROTOTYPES = YES;
				CLANG_WARN_SUSPICIOUS_MOVE = YES;
				CLANG_WARN_UNGUARDED_AVAILABILITY = YES_AGGRESSIVE;
				CLANG_WARN_UNREACHABLE_CODE = YES;
				CLANG_WARN__DUPLICATE_METHOD_MATCH = YES;
				COPY_PHASE_STRIP = NO;
				DEBUG_INFORMATION_FORMAT = dwarf;
				ENABLE_STRICT_OBJC_MSGSEND = YES;
				ENABLE_TESTABILITY = YES;
				GCC_C_LANGUAGE_STANDARD = gnu11;
				GCC_DYNAMIC_NO_PIC = NO;
				GCC_NO_COMMON_BLOCKS = YES;
				GCC_OPTIMIZATION_LEVEL = 0;
				GCC_PREPROCESSOR_DEFINITIONS = (
					"DEBUG=1",
					"$(inherited)",
				);
				GCC_WARN_64_TO_32_BIT_CONVERSION = YES;
				GCC_WARN_ABOUT_RETURN_TYPE = YES_ERROR;
				GCC_WARN_UNDECLARED_SELECTOR = YES;
				GCC_WARN_UNINITIALIZED_AUTOS = YES_AGGRESSIVE;
				GCC_WARN_UNUSED_FUNCTION = YES;
				GCC_WARN_UNUSED_VARIABLE = YES;
				MTL_ENABLE_DEBUG_INFO = INCLUDE_SOURCE;
				MTL_FAST_MATH = YES;
				ONLY_ACTIVE_ARCH = YES;
				SDKROOT = iphoneos;
				SWIFT_ACTIVE_COMPILATION_CONDITIONS = DEBUG;
				SWIFT_OPTIMIZATION_LEVEL = "-Onone";
			};
			name = Debug;
		};
		D1DAB09925BC59D500E648EB /* Release */ = {
			isa = XCBuildConfiguration;
			buildSettings = {
				ALWAYS_SEARCH_USER_PATHS = NO;
				CLANG_ANALYZER_NONNULL = YES;
				CLANG_ANALYZER_NUMBER_OBJECT_CONVERSION = YES_AGGRESSIVE;
				CLANG_CXX_LANGUAGE_STANDARD = "gnu++14";
				CLANG_CXX_LIBRARY = "libc++";
				CLANG_ENABLE_MODULES = YES;
				CLANG_ENABLE_OBJC_ARC = YES;
				CLANG_ENABLE_OBJC_WEAK = YES;
				CLANG_WARN_BLOCK_CAPTURE_AUTORELEASING = YES;
				CLANG_WARN_BOOL_CONVERSION = YES;
				CLANG_WARN_COMMA = YES;
				CLANG_WARN_CONSTANT_CONVERSION = YES;
				CLANG_WARN_DEPRECATED_OBJC_IMPLEMENTATIONS = YES;
				CLANG_WARN_DIRECT_OBJC_ISA_USAGE = YES_ERROR;
				CLANG_WARN_DOCUMENTATION_COMMENTS = YES;
				CLANG_WARN_EMPTY_BODY = YES;
				CLANG_WARN_ENUM_CONVERSION = YES;
				CLANG_WARN_INFINITE_RECURSION = YES;
				CLANG_WARN_INT_CONVERSION = YES;
				CLANG_WARN_NON_LITERAL_NULL_CONVERSION = YES;
				CLANG_WARN_OBJC_IMPLICIT_RETAIN_SELF = YES;
				CLANG_WARN_OBJC_LITERAL_CONVERSION = YES;
				CLANG_WARN_OBJC_ROOT_CLASS = YES_ERROR;
				CLANG_WARN_QUOTED_INCLUDE_IN_FRAMEWORK_HEADER = YES;
				CLANG_WARN_RANGE_LOOP_ANALYSIS = YES;
				CLANG_WARN_STRICT_PROTOTYPES = YES;
				CLANG_WARN_SUSPICIOUS_MOVE = YES;
				CLANG_WARN_UNGUARDED_AVAILABILITY = YES_AGGRESSIVE;
				CLANG_WARN_UNREACHABLE_CODE = YES;
				CLANG_WARN__DUPLICATE_METHOD_MATCH = YES;
				COPY_PHASE_STRIP = NO;
				DEBUG_INFORMATION_FORMAT = "dwarf-with-dsym";
				ENABLE_NS_ASSERTIONS = NO;
				ENABLE_STRICT_OBJC_MSGSEND = YES;
				GCC_C_LANGUAGE_STANDARD = gnu11;
				GCC_NO_COMMON_BLOCKS = YES;
				GCC_WARN_64_TO_32_BIT_CONVERSION = YES;
				GCC_WARN_ABOUT_RETURN_TYPE = YES_ERROR;
				GCC_WARN_UNDECLARED_SELECTOR = YES;
				GCC_WARN_UNINITIALIZED_AUTOS = YES_AGGRESSIVE;
				GCC_WARN_UNUSED_FUNCTION = YES;
				GCC_WARN_UNUSED_VARIABLE = YES;
				MTL_ENABLE_DEBUG_INFO = NO;
				MTL_FAST_MATH = YES;
				SDKROOT = iphoneos;
				SWIFT_COMPILATION_MODE = wholemodule;
				SWIFT_OPTIMIZATION_LEVEL = "-O";
				VALIDATE_PRODUCT = YES;
			};
			name = Release;
		};
		D1DAB09B25BC59D500E648EB /* Debug */ = {
			isa = XCBuildConfiguration;
			buildSettings = {
				ASSETCATALOG_COMPILER_COMPLICATION_NAME = Complication;
				CODE_SIGN_STYLE = Automatic;
				DEVELOPMENT_ASSET_PATHS = "\"WordOfTheDayWatchApp WatchKit Extension/Preview Content\"";
				DEVELOPMENT_TEAM = NPHFRGDN5J;
				ENABLE_PREVIEWS = YES;
				EXCLUDED_ARCHS = arm64;
				INFOPLIST_FILE = "WordOfTheDayWatchApp WatchKit Extension/Resources/Info.plist";
				LD_RUNPATH_SEARCH_PATHS = (
					"$(inherited)",
					"@executable_path/Frameworks",
					"@executable_path/../../Frameworks",
				);
				PRODUCT_BUNDLE_IDENTIFIER = com.kyledold.WordOfTheDayWatchApp.watchkitapp.watchkitextension;
				PRODUCT_NAME = "${TARGET_NAME}";
				SDKROOT = watchos;
				SKIP_INSTALL = YES;
				SWIFT_VERSION = 5.0;
				TARGETED_DEVICE_FAMILY = 4;
				WATCHOS_DEPLOYMENT_TARGET = 7.2;
			};
			name = Debug;
		};
		D1DAB09C25BC59D500E648EB /* Release */ = {
			isa = XCBuildConfiguration;
			buildSettings = {
				ASSETCATALOG_COMPILER_COMPLICATION_NAME = Complication;
				CODE_SIGN_STYLE = Automatic;
				DEVELOPMENT_ASSET_PATHS = "\"WordOfTheDayWatchApp WatchKit Extension/Preview Content\"";
				DEVELOPMENT_TEAM = NPHFRGDN5J;
				ENABLE_PREVIEWS = YES;
				EXCLUDED_ARCHS = arm64;
				INFOPLIST_FILE = "WordOfTheDayWatchApp WatchKit Extension/Resources/Info.plist";
				LD_RUNPATH_SEARCH_PATHS = (
					"$(inherited)",
					"@executable_path/Frameworks",
					"@executable_path/../../Frameworks",
				);
				PRODUCT_BUNDLE_IDENTIFIER = com.kyledold.WordOfTheDayWatchApp.watchkitapp.watchkitextension;
				PRODUCT_NAME = "${TARGET_NAME}";
				SDKROOT = watchos;
				SKIP_INSTALL = YES;
				SWIFT_VERSION = 5.0;
				TARGETED_DEVICE_FAMILY = 4;
				WATCHOS_DEPLOYMENT_TARGET = 7.2;
			};
			name = Release;
		};
		D1DAB09F25BC59D500E648EB /* Debug */ = {
			isa = XCBuildConfiguration;
			buildSettings = {
				ALWAYS_EMBED_SWIFT_STANDARD_LIBRARIES = YES;
				ASSETCATALOG_COMPILER_APPICON_NAME = AppIcon;
				ASSETCATALOG_COMPILER_GLOBAL_ACCENT_COLOR_NAME = AccentColor;
				CODE_SIGN_STYLE = Automatic;
				DEVELOPMENT_TEAM = NPHFRGDN5J;
				EXCLUDED_ARCHS = arm64;
				IBSC_MODULE = WordOfTheDayWatchApp_WatchKit_Extension;
				INFOPLIST_FILE = "WordOfTheDayWatchApp WatchKit App/Resources/Info.plist";
				LD_RUNPATH_SEARCH_PATHS = (
					"$(inherited)",
					"@executable_path/Frameworks",
				);
				PRODUCT_BUNDLE_IDENTIFIER = com.kyledold.WordOfTheDayWatchApp.watchkitapp;
				PRODUCT_NAME = "$(TARGET_NAME)";
				SDKROOT = watchos;
				SKIP_INSTALL = YES;
				SWIFT_VERSION = 5.0;
				TARGETED_DEVICE_FAMILY = 4;
				WATCHOS_DEPLOYMENT_TARGET = 7.2;
			};
			name = Debug;
		};
		D1DAB0A025BC59D500E648EB /* Release */ = {
			isa = XCBuildConfiguration;
			buildSettings = {
				ALWAYS_EMBED_SWIFT_STANDARD_LIBRARIES = YES;
				ASSETCATALOG_COMPILER_APPICON_NAME = AppIcon;
				ASSETCATALOG_COMPILER_GLOBAL_ACCENT_COLOR_NAME = AccentColor;
				CODE_SIGN_STYLE = Automatic;
				DEVELOPMENT_TEAM = NPHFRGDN5J;
				EXCLUDED_ARCHS = arm64;
				IBSC_MODULE = WordOfTheDayWatchApp_WatchKit_Extension;
				INFOPLIST_FILE = "WordOfTheDayWatchApp WatchKit App/Resources/Info.plist";
				LD_RUNPATH_SEARCH_PATHS = (
					"$(inherited)",
					"@executable_path/Frameworks",
				);
				PRODUCT_BUNDLE_IDENTIFIER = com.kyledold.WordOfTheDayWatchApp.watchkitapp;
				PRODUCT_NAME = "$(TARGET_NAME)";
				SDKROOT = watchos;
				SKIP_INSTALL = YES;
				SWIFT_VERSION = 5.0;
				TARGETED_DEVICE_FAMILY = 4;
				WATCHOS_DEPLOYMENT_TARGET = 7.2;
			};
			name = Release;
		};
		D1DAB0A325BC59D500E648EB /* Debug */ = {
			isa = XCBuildConfiguration;
			buildSettings = {
				CODE_SIGN_STYLE = Automatic;
				CURRENT_PROJECT_VERSION = 1;
				DEVELOPMENT_TEAM = NPHFRGDN5J;
				MARKETING_VERSION = 1.0;
				PRODUCT_BUNDLE_IDENTIFIER = com.kyledold.WordOfTheDayWatchApp;
				PRODUCT_NAME = "$(TARGET_NAME)";
				SWIFT_VERSION = 5.0;
			};
			name = Debug;
		};
		D1DAB0A425BC59D500E648EB /* Release */ = {
			isa = XCBuildConfiguration;
			buildSettings = {
				CODE_SIGN_STYLE = Automatic;
				CURRENT_PROJECT_VERSION = 1;
				DEVELOPMENT_TEAM = NPHFRGDN5J;
				MARKETING_VERSION = 1.0;
				PRODUCT_BUNDLE_IDENTIFIER = com.kyledold.WordOfTheDayWatchApp;
				PRODUCT_NAME = "$(TARGET_NAME)";
				SWIFT_VERSION = 5.0;
			};
			name = Release;
		};
/* End XCBuildConfiguration section */

/* Begin XCConfigurationList section */
		D1DAB06F25BC59CF00E648EB /* Build configuration list for PBXProject "WordOfTheDayWatchApp" */ = {
			isa = XCConfigurationList;
			buildConfigurations = (
				D1DAB09825BC59D500E648EB /* Debug */,
				D1DAB09925BC59D500E648EB /* Release */,
			);
			defaultConfigurationIsVisible = 0;
			defaultConfigurationName = Release;
		};
		D1DAB09A25BC59D500E648EB /* Build configuration list for PBXNativeTarget "WordOfTheDayWatchApp WatchKit Extension" */ = {
			isa = XCConfigurationList;
			buildConfigurations = (
				D1DAB09B25BC59D500E648EB /* Debug */,
				D1DAB09C25BC59D500E648EB /* Release */,
			);
			defaultConfigurationIsVisible = 0;
			defaultConfigurationName = Release;
		};
		D1DAB09E25BC59D500E648EB /* Build configuration list for PBXNativeTarget "WordOfTheDayWatchApp WatchKit App" */ = {
			isa = XCConfigurationList;
			buildConfigurations = (
				D1DAB09F25BC59D500E648EB /* Debug */,
				D1DAB0A025BC59D500E648EB /* Release */,
			);
			defaultConfigurationIsVisible = 0;
			defaultConfigurationName = Release;
		};
		D1DAB0A225BC59D500E648EB /* Build configuration list for PBXNativeTarget "WordOfTheDayWatchApp" */ = {
			isa = XCConfigurationList;
			buildConfigurations = (
				D1DAB0A325BC59D500E648EB /* Debug */,
				D1DAB0A425BC59D500E648EB /* Release */,
			);
			defaultConfigurationIsVisible = 0;
			defaultConfigurationName = Release;
		};
/* End XCConfigurationList section */
	};
	rootObject = D1DAB06C25BC59CF00E648EB /* Project object */;
}
